
Microsoft Visual Studio Solution File, Format Version 12.00
# Visual Studio Version 17
VisualStudioVersion = 17.3.32825.248
MinimumVisualStudioVersion = 10.0.40219.1
Project("{FAE04EC0-301F-11D3-BF4B-00C04F79EFBC}") = "SuperHeroAPI", "SuperHeroAPI.csproj", "{4D0B64C9-42DA-456A-BB2F-55B8A997516A}"
EndProject
Global
	GlobalSection(SolutionConfigurationPlatforms) = preSolution
		Debug|Any CPU = Debug|Any CPU
		Release|Any CPU = Release|Any CPU
	EndGlobalSection
	GlobalSection(ProjectConfigurationPlatforms) = postSolution
		{4D0B64C9-42DA-456A-BB2F-55B8A997516A}.Debug|Any CPU.ActiveCfg = Debug|Any CPU
		{4D0B64C9-42DA-456A-BB2F-55B8A997516A}.Debug|Any CPU.Build.0 = Debug|Any CPU
		{4D0B64C9-42DA-456A-BB2F-55B8A997516A}.Release|Any CPU.ActiveCfg = Release|Any CPU
		{4D0B64C9-42DA-456A-BB2F-55B8A997516A}.Release|Any CPU.Build.0 = Release|Any CPU
	EndGlobalSection
	GlobalSection(SolutionProperties) = preSolution
		HideSolutionNode = FALSE
	EndGlobalSection
	GlobalSection(ExtensibilityGlobals) = postSolution
		SolutionGuid = {505D25EA-C64B-42DF-81C0-E46BD88907FD}
	EndGlobalSection
EndGlobal
